Microsoft Visual Studio Solution File, Format Version 12.00
# Visual Studio Version 16
VisualStudioVersion = 16.0.29613.14
MinimumVisualStudioVersion = 15.0.26124.0
Project("{2150E333-8FDC-42A3-9474-1A3956D46DE8}") = "Solution Items", "Solution Items", "{C7DC9506-EC84-4CB1-A7CB-AD4A114FF17D}"
	ProjectSection(SolutionItems) = preProject
		.editorconfig = .editorconfig
	EndProjectSection
EndProject
Project("{9A19103F-16F7-4668-BE54-9A1E7A4F7556}") = "MicroLite.Testing", "MicroLite.Testing\MicroLite.Testing.csproj", "{07ACA3B2-EBC9-4B1B-93D8-E90593D41908}"
EndProject
Project("{FAE04EC0-301F-11D3-BF4B-00C04F79EFBC}") = "MicroLite.Testing.Tests", "MicroLite.Testing.Tests\MicroLite.Testing.Tests.csproj", "{06B41B89-D3EF-4E23-B5D4-3231D93374E5}"
EndProject
Global
	GlobalSection(SolutionConfigurationPlatforms) = preSolution
		Debug|Any CPU = Debug|Any CPU
		Release|Any CPU = Release|Any CPU
	EndGlobalSection
	GlobalSection(ProjectConfigurationPlatforms) = postSolution
		{07ACA3B2-EBC9-4B1B-93D8-E90593D41908}.Debug|Any CPU.ActiveCfg = Debug|Any CPU
		{07ACA3B2-EBC9-4B1B-93D8-E90593D41908}.Debug|Any CPU.Build.0 = Debug|Any CPU
		{07ACA3B2-EBC9-4B1B-93D8-E90593D41908}.Release|Any CPU.ActiveCfg = Release|Any CPU
		{07ACA3B2-EBC9-4B1B-93D8-E90593D41908}.Release|Any CPU.Build.0 = Release|Any CPU
		{06B41B89-D3EF-4E23-B5D4-3231D93374E5}.Debug|Any CPU.ActiveCfg = Debug|Any CPU
		{06B41B89-D3EF-4E23-B5D4-3231D93374E5}.Debug|Any CPU.Build.0 = Debug|Any CPU
		{06B41B89-D3EF-4E23-B5D4-3231D93374E5}.Release|Any CPU.ActiveCfg = Release|Any CPU
		{06B41B89-D3EF-4E23-B5D4-3231D93374E5}.Release|Any CPU.Build.0 = Release|Any CPU
	EndGlobalSection
	GlobalSection(SolutionProperties) = preSolution
		HideSolutionNode = FALSE
	EndGlobalSection
	GlobalSection(ExtensibilityGlobals) = postSolution
		SolutionGuid = {02BBD68F-7901-4EF1-97C6-9EF7A9658A08}
	EndGlobalSection
EndGlobal
