Microsoft Visual Studio Solution File, Format Version 12.00
# Visual Studio 14
VisualStudioVersion = 14.0.25420.1
MinimumVisualStudioVersion = 10.0.40219.1
Project("{FAE04EC0-301F-11D3-BF4B-00C04F79EFBC}") = "MicroLite.Testing", "MicroLite.Testing\MicroLite.Testing.NET46.csproj", "{084BD6EF-BF2A-4CFB-AFF0-B2F90B5926CB}"
EndProject
Project("{FAE04EC0-301F-11D3-BF4B-00C04F79EFBC}") = "MicroLite.Testing.Tests", "MicroLite.Testing.Tests\MicroLite.Testing.Tests.NET46.csproj", "{06B41B89-D3EF-4E23-B5D4-3231D93374E5}"
EndProject
Global
	GlobalSection(SolutionConfigurationPlatforms) = preSolution
		Debug|Any CPU = Debug|Any CPU
		Release|Any CPU = Release|Any CPU
	EndGlobalSection
	GlobalSection(ProjectConfigurationPlatforms) = postSolution
		{084BD6EF-BF2A-4CFB-AFF0-B2F90B5926CB}.Debug|Any CPU.ActiveCfg = Debug|Any CPU
		{084BD6EF-BF2A-4CFB-AFF0-B2F90B5926CB}.Debug|Any CPU.Build.0 = Debug|Any CPU
		{084BD6EF-BF2A-4CFB-AFF0-B2F90B5926CB}.Release|Any CPU.ActiveCfg = Release|Any CPU
		{084BD6EF-BF2A-4CFB-AFF0-B2F90B5926CB}.Release|Any CPU.Build.0 = Release|Any CPU
		{06B41B89-D3EF-4E23-B5D4-3231D93374E5}.Debug|Any CPU.ActiveCfg = Debug|Any CPU
		{06B41B89-D3EF-4E23-B5D4-3231D93374E5}.Debug|Any CPU.Build.0 = Debug|Any CPU
		{06B41B89-D3EF-4E23-B5D4-3231D93374E5}.Release|Any CPU.ActiveCfg = Release|Any CPU
		{06B41B89-D3EF-4E23-B5D4-3231D93374E5}.Release|Any CPU.Build.0 = Release|Any CPU
	EndGlobalSection
	GlobalSection(SolutionProperties) = preSolution
		HideSolutionNode = FALSE
	EndGlobalSection
EndGlobal
